{
    "version": 3,
    "terraform_version": "0.11.13",
    "serial": 3,
    "lineage": "70059b43-a72d-4063-d465-92e2cc446af3",
    "modules": [
        {
            "path": [
                "root"
            ],
            "outputs": {},
            "resources": {},
            "depends_on": []
        },
        {
            "path": [
                "root",
                "ec2"
            ],
            "outputs": {},
            "resources": {
                "aws_instance.instance": {
                    "type": "aws_instance",
                    "depends_on": [],
                    "primary": {
                        "id": "i-02db1d1f035e18ac0",
                        "attributes": {
                            "ami": "ami-05b891753d41ff88f",
                            "arn": "arn:aws:ec2:ap-southeast-1:000520624108:instance/i-02db1d1f035e18ac0",
                            "associate_public_ip_address": "true",
                            "availability_zone": "ap-southeast-1b",
                            "cpu_core_count": "1",
                            "cpu_threads_per_core": "1",
                            "credit_specification.#": "1",
                            "credit_specification.0.cpu_credits": "standard",
                            "disable_api_termination": "false",
                            "ebs_block_device.#": "1",
                            "ebs_block_device.1718943951.delete_on_termination": "true",
                            "ebs_block_device.1718943951.device_name": "/dev/sdb",
                            "ebs_block_device.1718943951.encrypted": "false",
                            "ebs_block_device.1718943951.iops": "300",
                            "ebs_block_device.1718943951.kms_key_id": "",
                            "ebs_block_device.1718943951.snapshot_id": "",
                            "ebs_block_device.1718943951.volume_id": "vol-0edde542f0a99bb14",
                            "ebs_block_device.1718943951.volume_size": "100",
                            "ebs_block_device.1718943951.volume_type": "gp2",
                            "ebs_optimized": "false",
                            "ephemeral_block_device.#": "0",
                            "get_password_data": "false",
                            "hibernation": "false",
                            "iam_instance_profile": "",
                            "id": "i-02db1d1f035e18ac0",
                            "instance_state": "running",
                            "instance_type": "t2.micro",
                            "ipv6_address_count": "0",
                            "ipv6_addresses.#": "0",
                            "key_name": "nawawi.test",
                            "metadata_options.#": "1",
                            "metadata_options.0.http_endpoint": "enabled",
                            "metadata_options.0.http_put_response_hop_limit": "1",
                            "metadata_options.0.http_tokens": "optional",
                            "monitoring": "false",
                            "network_interface.#": "0",
                            "outpost_arn": "",
                            "password_data": "",
                            "placement_group": "",
                            "primary_network_interface_id": "eni-004bb1c451a6e2e1f",
                            "private_dns": "ip-10-0-1-121.ap-southeast-1.compute.internal",
                            "private_ip": "10.0.1.121",
                            "public_dns": "ec2-13-212-10-75.ap-southeast-1.compute.amazonaws.com",
                            "public_ip": "13.212.10.75",
                            "root_block_device.#": "1",
                            "root_block_device.0.delete_on_termination": "true",
                            "root_block_device.0.device_name": "/dev/sda1",
                            "root_block_device.0.encrypted": "false",
                            "root_block_device.0.iops": "100",
                            "root_block_device.0.kms_key_id": "",
                            "root_block_device.0.volume_id": "vol-086d3fbe24281f768",
                            "root_block_device.0.volume_size": "22",
                            "root_block_device.0.volume_type": "gp2",
                            "security_groups.#": "0",
                            "source_dest_check": "true",
                            "subnet_id": "subnet-0731e271c969bb5c9",
                            "tags.%": "3",
                            "tags.Env": "development",
                            "tags.Name": "devops-fullname-cilsy",
                            "tags.Purpose": "Training",
                            "tenancy": "default",
                            "volume_tags.%": "3",
                            "volume_tags.Env": "development",
                            "volume_tags.Name": "devops-fullname-cilsy",
                            "volume_tags.Purpose": "Training",
                            "vpc_security_group_ids.#": "1",
                            "vpc_security_group_ids.202702256": "sg-06c1e65f8f3119744"
                        },
                        "meta": {
                            "e2bfb730-ecaa-11e6-8f88-34363bc7c4c0": {
                                "create": 600000000000,
                                "delete": 1200000000000,
                                "update": 600000000000
                            },
                            "schema_version": "1"
                        },
                        "tainted": false
                    },
                    "deposed": [],
                    "provider": "module.ec2.provider.aws"
                }
            },
            "depends_on": []
        }
    ]
}
